<?xml version="1.0" encoding="utf-8"?>
<Project ToolsVersion="4.0" xmlns="http://schemas.microsoft.com/developer/msbuild/2003">
  <ItemGroup>
    <Filter Include="Manager">
      <UniqueIdentifier>{3011faf1-190f-48e2-a9ed-f940d8e04f96}</UniqueIdentifier>
    </Filter>
    <Filter Include="Object">
      <UniqueIdentifier>{88cc7571-b16d-44c9-a4ea-ce5fa4540ff5}</UniqueIdentifier>
    </Filter>
    <Filter Include="Main">
      <UniqueIdentifier>{c97fb497-ea75-4806-9ece-9221bc89ec22}</UniqueIdentifier>
    </Filter>
    <Filter Include="Resource">
      <UniqueIdentifier>{67DA6AB6-F800-4c08-8B7A-83BB121AAD01}</UniqueIdentifier>
      <Extensions>rc;ico;cur;bmp;dlg;rc2;rct;bin;rgs;gif;jpg;jpeg;jpe;resx;tiff;tif;png;wav;mfcribbon-ms</Extensions>
    </Filter>
    <Filter Include="PrecompiledHeader">
      <UniqueIdentifier>{72748f13-0690-40bc-929f-48e39be6ba1b}</UniqueIdentifier>
    </Filter>
    <Filter Include="Manager\Interface">
      <UniqueIdentifier>{a9241077-7e10-491f-a64a-cac3beffd00a}</UniqueIdentifier>
    </Filter>
    <Filter Include="Object\FSM">
      <UniqueIdentifier>{943c9244-7c90-4514-ae9c-ceef73fe38e7}</UniqueIdentifier>
    </Filter>
    <Filter Include="Object\Player">
      <UniqueIdentifier>{bbea4c93-5d81-4071-94af-6ea73b4c8911}</UniqueIdentifier>
    </Filter>
    <Filter Include="Object\Building">
      <UniqueIdentifier>{f9783b53-e1b1-467e-8c2e-291892be59ef}</UniqueIdentifier>
    </Filter>
    <Filter Include="Object\Camera">
      <UniqueIdentifier>{84e81b48-dd14-44bb-96e0-3038707c1b4d}</UniqueIdentifier>
    </Filter>
    <Filter Include="Object\Abstract">
      <UniqueIdentifier>{8136d43f-a3f6-4571-b1a9-58c073dd6594}</UniqueIdentifier>
    </Filter>
    <Filter Include="XML">
      <UniqueIdentifier>{b3c545b3-094a-4b55-be28-9324fddeb129}</UniqueIdentifier>
    </Filter>
    <Filter Include="Scene">
      <UniqueIdentifier>{ec31ea00-989e-40a6-970d-3af70c868b17}</UniqueIdentifier>
    </Filter>
    <Filter Include="Scene\Interface">
      <UniqueIdentifier>{61ea6d0d-c4a5-4e3b-b9d1-103a4c4d8bd2}</UniqueIdentifier>
    </Filter>
    <Filter Include="Object\Enemy">
      <UniqueIdentifier>{8707ce46-649e-4380-8b3d-7ecdd8a83b1c}</UniqueIdentifier>
    </Filter>
    <Filter Include="Object\Abstract\Collider">
      <UniqueIdentifier>{083c0eec-c5f6-4334-8fed-04abd05fb489}</UniqueIdentifier>
    </Filter>
    <Filter Include="Object\Abstract\Collider\Interface">
      <UniqueIdentifier>{51da7a26-107c-4fda-8455-33af7fc5f65a}</UniqueIdentifier>
    </Filter>
    <Filter Include="Utility">
      <UniqueIdentifier>{4FC737F1-C7A5-4376-A066-2A32D752A2FF}</UniqueIdentifier>
      <Extensions>
      </Extensions>
    </Filter>
  </ItemGroup>
  <ItemGroup>
    <Text Include="ReadMe.txt" />
  </ItemGroup>
  <ItemGroup>
    <ClInclude Include="cKeyManager.h">
      <Filter>Manager</Filter>
    </ClInclude>
    <ClInclude Include="3DProject.h">
      <Filter>Main</Filter>
    </ClInclude>
    <ClInclude Include="cMainGame.h">
      <Filter>Main</Filter>
    </ClInclude>
    <ClInclude Include="cTimeManager.h">
      <Filter>Manager</Filter>
    </ClInclude>
    <ClInclude Include="cDeviceManager.h">
      <Filter>Manager</Filter>
    </ClInclude>
    <ClInclude Include="cTextureManager.h">
      <Filter>Manager</Filter>
    </ClInclude>
    <ClInclude Include="Resource.h">
      <Filter>Resource</Filter>
    </ClInclude>
    <ClInclude Include="stdafx.h">
      <Filter>PrecompiledHeader</Filter>
    </ClInclude>
    <ClInclude Include="cAllocateHierarchy.h">
      <Filter>Utility</Filter>
    </ClInclude>
    <ClInclude Include="Singleton.h">
      <Filter>Manager\Interface</Filter>
    </ClInclude>
    <ClInclude Include="cBoundingBox.h">
      <Filter>Object\Abstract\Collider</Filter>
    </ClInclude>
    <ClInclude Include="cBoundingSphere.h">
      <Filter>Object\Abstract\Collider</Filter>
    </ClInclude>
    <ClInclude Include="Particle.h">
      <Filter>Utility</Filter>
    </ClInclude>
    <ClInclude Include="cParticle_Base.h">
      <Filter>Utility</Filter>
    </ClInclude>
    <ClInclude Include="cParticle_Firework.h">
      <Filter>Utility</Filter>
    </ClInclude>
    <ClInclude Include="cRandomUtil.h">
      <Filter>Utility</Filter>
    </ClInclude>
    <ClInclude Include="cCollision.h">
      <Filter>Utility</Filter>
    </ClInclude>
    <ClInclude Include="ICollider.h">
      <Filter>Object\Abstract\Collider\Interface</Filter>
    </ClInclude>
    <ClInclude Include="cSkyBox.h">
      <Filter>Object\Building</Filter>
    </ClInclude>
    <ClInclude Include="cPlayer.h">
      <Filter>Object\Player</Filter>
    </ClInclude>
    <ClInclude Include="cGrid.h">
      <Filter>Object\Building</Filter>
    </ClInclude>
    <ClInclude Include="cCamera.h">
      <Filter>Object\Camera</Filter>
    </ClInclude>
    <ClInclude Include="cFrustumCulling.h">
      <Filter>Utility</Filter>
    </ClInclude>
    <ClInclude Include="cGameObject.h">
      <Filter>Object\Abstract</Filter>
    </ClInclude>
    <ClInclude Include="cCollisionManager.h">
      <Filter>Manager</Filter>
    </ClInclude>
    <ClInclude Include="cCollisionObject.h">
      <Filter>Object\Abstract</Filter>
    </ClInclude>
    <ClInclude Include="cGameObjectManager.h">
      <Filter>Manager</Filter>
    </ClInclude>
    <ClInclude Include="cObjLoader.h">
      <Filter>Utility</Filter>
    </ClInclude>
    <ClInclude Include="cObject.h">
      <Filter>Utility</Filter>
    </ClInclude>
    <ClInclude Include="cObjectManager.h">
      <Filter>Utility</Filter>
    </ClInclude>
    <ClInclude Include="cMtlTex.h">
      <Filter>Utility</Filter>
    </ClInclude>
    <ClInclude Include="cGroup.h">
      <Filter>Utility</Filter>
    </ClInclude>
    <ClInclude Include="cNpc.h">
      <Filter>Utility</Filter>
    </ClInclude>
    <ClInclude Include="cArgoniteFemaleMagician.h">
      <Filter>Object\Enemy</Filter>
    </ClInclude>
    <ClInclude Include="cArgoniteKallashGuardLeader.h">
      <Filter>Object\Enemy</Filter>
    </ClInclude>
    <ClInclude Include="cNpcManager.h">
      <Filter>Utility</Filter>
    </ClInclude>
    <ClInclude Include="cEnemy.h">
      <Filter>Object\Enemy</Filter>
    </ClInclude>
    <ClInclude Include="cGiantStone.h">
      <Filter>Object\Enemy</Filter>
    </ClInclude>
    <ClInclude Include="cMadmadDuo.h">
      <Filter>Object\Enemy</Filter>
    </ClInclude>
    <ClInclude Include="cPixie.h">
      <Filter>Object\Enemy</Filter>
    </ClInclude>
    <ClInclude Include="cSoundManager.h">
      <Filter>Manager</Filter>
    </ClInclude>
    <ClInclude Include="IState.h">
      <Filter>Utility</Filter>
    </ClInclude>
    <ClInclude Include="cCommandCombo.h">
      <Filter>Utility</Filter>
    </ClInclude>
    <ClInclude Include="cLoadImage.h">
      <Filter>Utility</Filter>
    </ClInclude>
    <ClInclude Include="cProgressBar.h">
      <Filter>Utility</Filter>
    </ClInclude>
    <ClInclude Include="TXMLReader.h">
      <Filter>XML</Filter>
    </ClInclude>
    <ClInclude Include="tinyxml2.h">
      <Filter>XML</Filter>
    </ClInclude>
    <ClInclude Include="cSceneManager.h">
      <Filter>Manager</Filter>
    </ClInclude>
    <ClInclude Include="IScene.h">
      <Filter>Scene\Interface</Filter>
    </ClInclude>
    <ClInclude Include="cPlayerWeapon.h">
      <Filter>Object\Player</Filter>
    </ClInclude>
    <ClInclude Include="cSkinnedMesh.h" />
    <ClInclude Include="cBuildingObject.h">
      <Filter>Object\Building</Filter>
    </ClInclude>
    <ClInclude Include="cSkinnedMeshManager.h">
      <Filter>Manager</Filter>
    </ClInclude>
    <ClInclude Include="cShaderManager.h">
      <Filter>Manager</Filter>
    </ClInclude>
    <ClInclude Include="Console.h">
      <Filter>Utility</Filter>
    </ClInclude>
    <ClInclude Include="StringUtil.h">
      <Filter>Utility</Filter>
    </ClInclude>
    <ClInclude Include="cUnitObject.h">
      <Filter>Object\Abstract</Filter>
    </ClInclude>
    <ClInclude Include="TestScenePlane.h" />
    <ClInclude Include="cLightObject.h" />
    <ClInclude Include="DesertScene.h">
      <Filter>Scene</Filter>
    </ClInclude>
    <ClInclude Include="TestScene.h">
      <Filter>Scene</Filter>
    </ClInclude>
    <ClInclude Include="DesertScenePlane.h" />
    <ClInclude Include="cShadowImage.h" />
    <ClInclude Include="cSprite.h" />
    <ClInclude Include="cNpcSkinnedMesh.h" />
    <ClInclude Include="c3DSprite.h" />
    <ClInclude Include="cEquipWindow.h" />
    <ClInclude Include="cInventory.h" />
    <ClInclude Include="cParticle_Death.h" />
    <ClInclude Include="cPlayerUI.h" />
    <ClInclude Include="cUIButton.h" />
    <ClInclude Include="cUIImageView.h" />
    <ClInclude Include="cUIObject.h" />
    <ClInclude Include="cUITextView.h" />
    <ClInclude Include="DesertSceneOasis.h" />
    <ClInclude Include="cHPGaugeBar.h" />
    <ClInclude Include="cPlayerGauge.h" />
    <ClInclude Include="cPlayerSkill.h" />
  </ItemGroup>
  <ItemGroup>
    <ClCompile Include="cTextureManager.cpp">
      <Filter>Manager</Filter>
    </ClCompile>
    <ClCompile Include="cTimeManager.cpp">
      <Filter>Manager</Filter>
    </ClCompile>
    <ClCompile Include="cDeviceManager.cpp">
      <Filter>Manager</Filter>
    </ClCompile>
    <ClCompile Include="cAllocateHierarchy.cpp">
      <Filter>Utility</Filter>
    </ClCompile>
    <ClCompile Include="stdafx.cpp">
      <Filter>PrecompiledHeader</Filter>
    </ClCompile>
    <ClCompile Include="cKeyManager.cpp">
      <Filter>Manager</Filter>
    </ClCompile>
    <ClCompile Include="3DProject.cpp">
      <Filter>Main</Filter>
    </ClCompile>
    <ClCompile Include="cMainGame.cpp">
      <Filter>Main</Filter>
    </ClCompile>
    <ClCompile Include="cBoundingBox.cpp">
      <Filter>Object\Abstract\Collider</Filter>
    </ClCompile>
    <ClCompile Include="cBoundingSphere.cpp">
      <Filter>Object\Abstract\Collider</Filter>
    </ClCompile>
    <ClCompile Include="cParticle_Base.cpp">
      <Filter>Utility</Filter>
    </ClCompile>
    <ClCompile Include="cParticle_Firework.cpp">
      <Filter>Utility</Filter>
    </ClCompile>
    <ClCompile Include="cRandomUtil.cpp">
      <Filter>Utility</Filter>
    </ClCompile>
    <ClCompile Include="cCollision.cpp">
      <Filter>Utility</Filter>
    </ClCompile>
    <ClCompile Include="ICollider.cpp">
      <Filter>Object\Abstract\Collider\Interface</Filter>
    </ClCompile>
    <ClCompile Include="cFrustumCulling.cpp">
      <Filter>Utility</Filter>
    </ClCompile>
    <ClCompile Include="cSkyBox.cpp">
      <Filter>Object\Building</Filter>
    </ClCompile>
    <ClCompile Include="cPlayer.cpp">
      <Filter>Object\Player</Filter>
    </ClCompile>
    <ClCompile Include="cGrid.cpp">
      <Filter>Object\Building</Filter>
    </ClCompile>
    <ClCompile Include="cCamera.cpp">
      <Filter>Object\Camera</Filter>
    </ClCompile>
    <ClCompile Include="cGameObject.cpp">
      <Filter>Object\Abstract</Filter>
    </ClCompile>
    <ClCompile Include="cCollisionManager.cpp">
      <Filter>Manager</Filter>
    </ClCompile>
    <ClCompile Include="cCollisionObject.cpp">
      <Filter>Object\Abstract</Filter>
    </ClCompile>
    <ClCompile Include="cGameObjectManager.cpp">
      <Filter>Manager</Filter>
    </ClCompile>
    <ClCompile Include="cObjLoader.cpp">
      <Filter>Utility</Filter>
    </ClCompile>
    <ClCompile Include="cObjectManager.cpp">
      <Filter>Utility</Filter>
    </ClCompile>
    <ClCompile Include="cObject.cpp">
      <Filter>Utility</Filter>
    </ClCompile>
    <ClCompile Include="cMtlTex.cpp">
      <Filter>Utility</Filter>
    </ClCompile>
    <ClCompile Include="cGroup.cpp">
      <Filter>Utility</Filter>
    </ClCompile>
    <ClCompile Include="cNpc.cpp">
      <Filter>Utility</Filter>
    </ClCompile>
    <ClCompile Include="cArgoniteFemaleMagician.cpp">
      <Filter>Object\Enemy</Filter>
    </ClCompile>
    <ClCompile Include="cArgoniteKallashGuardLeader.cpp">
      <Filter>Object\Enemy</Filter>
    </ClCompile>
    <ClCompile Include="cNpcManager.cpp">
      <Filter>Utility</Filter>
    </ClCompile>
    <ClCompile Include="cEnemy.cpp">
      <Filter>Object\Enemy</Filter>
    </ClCompile>
    <ClCompile Include="cGiantStone.cpp">
      <Filter>Object\Enemy</Filter>
    </ClCompile>
    <ClCompile Include="cMadmadDuo.cpp">
      <Filter>Object\Enemy</Filter>
    </ClCompile>
    <ClCompile Include="cPixie.cpp">
      <Filter>Object\Enemy</Filter>
    </ClCompile>
    <ClCompile Include="cSoundManager.cpp">
      <Filter>Manager</Filter>
    </ClCompile>
    <ClCompile Include="cLoadImage.cpp">
      <Filter>Utility</Filter>
    </ClCompile>
    <ClCompile Include="cProgressBar.cpp">
      <Filter>Utility</Filter>
    </ClCompile>
    <ClCompile Include="IState.cpp">
      <Filter>Utility</Filter>
    </ClCompile>
    <ClCompile Include="cCommandCombo.cpp">
      <Filter>Utility</Filter>
    </ClCompile>
    <ClCompile Include="tinyxml2.cpp">
      <Filter>XML</Filter>
    </ClCompile>
    <ClCompile Include="TXMLReader.cpp">
      <Filter>XML</Filter>
    </ClCompile>
    <ClCompile Include="cSceneManager.cpp">
      <Filter>Manager</Filter>
    </ClCompile>
    <ClCompile Include="IScene.cpp">
      <Filter>Scene\Interface</Filter>
    </ClCompile>
    <ClCompile Include="cBuildingObject.cpp">
      <Filter>Object\Building</Filter>
    </ClCompile>
    <ClCompile Include="cPlayerWeapon.cpp">
      <Filter>Object\Player</Filter>
    </ClCompile>
    <ClCompile Include="cSkinnedMesh.cpp" />
    <ClCompile Include="cSkinnedMeshManager.cpp">
      <Filter>Manager</Filter>
    </ClCompile>
    <ClCompile Include="cShaderManager.cpp">
      <Filter>Manager</Filter>
    </ClCompile>
    <ClCompile Include="StringUtil.cpp">
      <Filter>Utility</Filter>
    </ClCompile>
    <ClCompile Include="cUnitObject.cpp">
      <Filter>Object\Abstract</Filter>
    </ClCompile>
    <ClCompile Include="TestScenePlane.cpp" />
    <ClCompile Include="cLightObject.cpp" />
    <ClCompile Include="DesertScene.cpp">
      <Filter>Scene</Filter>
    </ClCompile>
    <ClCompile Include="TestScene.cpp">
      <Filter>Scene</Filter>
    </ClCompile>
    <ClCompile Include="DesertScenePlane.cpp" />
    <ClCompile Include="cShadowImage.cpp" />
    <ClCompile Include="cSprite.cpp" />
    <ClCompile Include="cNpcSkinnedMesh.cpp" />
    <ClCompile Include="c3DSprite.cpp" />
    <ClCompile Include="cEquipWindow.cpp" />
    <ClCompile Include="cInventory.cpp" />
    <ClCompile Include="cParticle_Death.cpp" />
    <ClCompile Include="cPlayerUI.cpp" />
    <ClCompile Include="cUIButton.cpp" />
    <ClCompile Include="cUIImageView.cpp" />
    <ClCompile Include="cUIObject.cpp" />
    <ClCompile Include="cUITextView.cpp" />
    <ClCompile Include="DesertSceneOasis.cpp" />
    <ClCompile Include="cHPGaugeBar.cpp" />
    <ClCompile Include="cPlayerGauge.cpp" />
    <ClCompile Include="cPlayerSkill.cpp" />
  </ItemGroup>
  <ItemGroup>
    <ResourceCompile Include="3DProject.rc">
      <Filter>Resource</Filter>
    </ResourceCompile>
  </ItemGroup>
  <ItemGroup>
    <Image Include="small.ico">
      <Filter>Resource</Filter>
    </Image>
    <Image Include="3DProject.ico">
      <Filter>Resource</Filter>
    </Image>
    <Image Include="fireworks_flare.bmp">
      <Filter>Object\FSM</Filter>
    </Image>
  </ItemGroup>
</Project>