<?xml version="1.0" encoding="utf-8"?>
<Project ToolsVersion="4.0" xmlns="http://schemas.microsoft.com/developer/msbuild/2003">
  <ItemGroup>
    <Filter Include="Manager">
      <UniqueIdentifier>{3011faf1-190f-48e2-a9ed-f940d8e04f96}</UniqueIdentifier>
    </Filter>
    <Filter Include="Object">
      <UniqueIdentifier>{88cc7571-b16d-44c9-a4ea-ce5fa4540ff5}</UniqueIdentifier>
    </Filter>
    <Filter Include="Action">
      <UniqueIdentifier>{e16acb60-d6f2-4e59-aac4-39606c793eee}</UniqueIdentifier>
    </Filter>
    <Filter Include="Main">
      <UniqueIdentifier>{c97fb497-ea75-4806-9ece-9221bc89ec22}</UniqueIdentifier>
    </Filter>
    <Filter Include="Resource">
      <UniqueIdentifier>{67DA6AB6-F800-4c08-8B7A-83BB121AAD01}</UniqueIdentifier>
      <Extensions>rc;ico;cur;bmp;dlg;rc2;rct;bin;rgs;gif;jpg;jpeg;jpe;resx;tiff;tif;png;wav;mfcribbon-ms</Extensions>
    </Filter>
    <Filter Include="PrecompiledHeader">
      <UniqueIdentifier>{72748f13-0690-40bc-929f-48e39be6ba1b}</UniqueIdentifier>
    </Filter>
    <Filter Include="Misc">
      <UniqueIdentifier>{d62bd5b6-27ab-4818-8361-154432e05002}</UniqueIdentifier>
    </Filter>
    <Filter Include="Misc\Utility">
      <UniqueIdentifier>{4FC737F1-C7A5-4376-A066-2A32D752A2FF}</UniqueIdentifier>
      <Extensions>cpp;c;cc;cxx;def;odl;idl;hpj;bat;asm;asmx</Extensions>
    </Filter>
    <Filter Include="Manager\Interface">
      <UniqueIdentifier>{a9241077-7e10-491f-a64a-cac3beffd00a}</UniqueIdentifier>
    </Filter>
    <Filter Include="Object\Collider">
      <UniqueIdentifier>{083c0eec-c5f6-4334-8fed-04abd05fb489}</UniqueIdentifier>
    </Filter>
    <Filter Include="Object\Controller">
      <UniqueIdentifier>{35a424cb-c5b2-4e22-9628-e41f3ec8512c}</UniqueIdentifier>
    </Filter>
    <Filter Include="Object\Collider\Interface">
      <UniqueIdentifier>{51da7a26-107c-4fda-8455-33af7fc5f65a}</UniqueIdentifier>
    </Filter>
    <Filter Include="Object\Controller\Interface">
      <UniqueIdentifier>{3eb366af-4e41-46e2-92f4-7cd5718f8df7}</UniqueIdentifier>
    </Filter>
  </ItemGroup>
  <ItemGroup>
    <Text Include="ReadMe.txt" />
  </ItemGroup>
  <ItemGroup>
    <ClInclude Include="GameObject.h">
      <Filter>Object</Filter>
    </ClInclude>
    <ClInclude Include="IAction.h">
      <Filter>Action</Filter>
    </ClInclude>
    <ClInclude Include="cGrid.h">
      <Filter>Object</Filter>
    </ClInclude>
    <ClInclude Include="cCamera.h">
      <Filter>Object</Filter>
    </ClInclude>
    <ClInclude Include="cKeyManager.h">
      <Filter>Manager</Filter>
    </ClInclude>
    <ClInclude Include="3DProject.h">
      <Filter>Main</Filter>
    </ClInclude>
    <ClInclude Include="cMainGame.h">
      <Filter>Main</Filter>
    </ClInclude>
    <ClInclude Include="cTimeManager.h">
      <Filter>Manager</Filter>
    </ClInclude>
    <ClInclude Include="cDeviceManager.h">
      <Filter>Manager</Filter>
    </ClInclude>
    <ClInclude Include="cTextureManager.h">
      <Filter>Manager</Filter>
    </ClInclude>
    <ClInclude Include="Resource.h">
      <Filter>Resource</Filter>
    </ClInclude>
    <ClInclude Include="stdafx.h">
      <Filter>PrecompiledHeader</Filter>
    </ClInclude>
    <ClInclude Include="cAllocateHierarchy.h">
      <Filter>Misc\Utility</Filter>
    </ClInclude>
    <ClInclude Include="unique_comptr.h">
      <Filter>Misc</Filter>
    </ClInclude>
    <ClInclude Include="Singleton.h">
      <Filter>Manager\Interface</Filter>
    </ClInclude>
    <ClInclude Include="cBoundingBox.h">
      <Filter>Object\Collider</Filter>
    </ClInclude>
    <ClInclude Include="cBoundingSphere.h">
      <Filter>Object\Collider</Filter>
    </ClInclude>
    <ClInclude Include="cSkinnedMesh.h">
      <Filter>Misc\Utility</Filter>
    </ClInclude>
    <ClInclude Include="Particle.h">
      <Filter>Misc\Utility</Filter>
    </ClInclude>
    <ClInclude Include="cParticle_Base.h">
      <Filter>Misc\Utility</Filter>
    </ClInclude>
    <ClInclude Include="cParticle_Firework.h">
      <Filter>Misc\Utility</Filter>
    </ClInclude>
    <ClInclude Include="cRandomUtil.h">
      <Filter>Misc\Utility</Filter>
    </ClInclude>
    <ClInclude Include="cSkinnedMeshManager.h">
      <Filter>Manager</Filter>
    </ClInclude>
    <ClInclude Include="cCollision.h">
      <Filter>Misc\Utility</Filter>
    </ClInclude>
    <ClInclude Include="ICollider.h">
      <Filter>Object\Collider\Interface</Filter>
    </ClInclude>
    <ClInclude Include="IController.h">
      <Filter>Object\Controller\Interface</Filter>
    </ClInclude>
    <ClInclude Include="cSkyBox.h">
      <Filter>Object</Filter>
    </ClInclude>
    <ClInclude Include="cObjectManager.h">
      <Filter>Manager</Filter>
    </ClInclude>
    <ClInclude Include="cPlayer.h">
      <Filter>Object</Filter>
    </ClInclude>
    <ClInclude Include="shared_comptr.h">
      <Filter>Misc\Utility</Filter>
    </ClInclude>
    <ClInclude Include="cPlayerController.h">
      <Filter>Object\Controller</Filter>
    </ClInclude>
  </ItemGroup>
  <ItemGroup>
    <ClCompile Include="cTextureManager.cpp">
      <Filter>Manager</Filter>
    </ClCompile>
    <ClCompile Include="cTimeManager.cpp">
      <Filter>Manager</Filter>
    </ClCompile>
    <ClCompile Include="cDeviceManager.cpp">
      <Filter>Manager</Filter>
    </ClCompile>
    <ClCompile Include="cAllocateHierarchy.cpp">
      <Filter>Misc\Utility</Filter>
    </ClCompile>
    <ClCompile Include="GameObject.cpp">
      <Filter>Object</Filter>
    </ClCompile>
    <ClCompile Include="IAction.cpp">
      <Filter>Action</Filter>
    </ClCompile>
    <ClCompile Include="cCamera.cpp">
      <Filter>Object</Filter>
    </ClCompile>
    <ClCompile Include="cGrid.cpp">
      <Filter>Object</Filter>
    </ClCompile>
    <ClCompile Include="stdafx.cpp">
      <Filter>PrecompiledHeader</Filter>
    </ClCompile>
    <ClCompile Include="cKeyManager.cpp">
      <Filter>Manager</Filter>
    </ClCompile>
    <ClCompile Include="3DProject.cpp">
      <Filter>Main</Filter>
    </ClCompile>
    <ClCompile Include="cMainGame.cpp">
      <Filter>Main</Filter>
    </ClCompile>
    <ClCompile Include="cBoundingBox.cpp">
      <Filter>Object\Collider</Filter>
    </ClCompile>
    <ClCompile Include="cBoundingSphere.cpp">
      <Filter>Object\Collider</Filter>
    </ClCompile>
    <ClCompile Include="cSkinnedMesh.cpp">
      <Filter>Misc\Utility</Filter>
    </ClCompile>
    <ClCompile Include="cParticle_Base.cpp">
      <Filter>Misc\Utility</Filter>
    </ClCompile>
    <ClCompile Include="cParticle_Firework.cpp">
      <Filter>Misc\Utility</Filter>
    </ClCompile>
    <ClCompile Include="cRandomUtil.cpp">
      <Filter>Misc\Utility</Filter>
    </ClCompile>
    <ClCompile Include="cSkinnedMeshManager.cpp">
      <Filter>Manager</Filter>
    </ClCompile>
    <ClCompile Include="cCollision.cpp">
      <Filter>Misc\Utility</Filter>
    </ClCompile>
    <ClCompile Include="cSkyBox.cpp">
      <Filter>Misc\Utility</Filter>
    </ClCompile>
    <ClCompile Include="ICollider.cpp">
      <Filter>Object\Collider\Interface</Filter>
    </ClCompile>
    <ClCompile Include="IController.cpp">
      <Filter>Object\Controller\Interface</Filter>
    </ClCompile>
    <ClCompile Include="cObjectManager.cpp">
      <Filter>Manager</Filter>
    </ClCompile>
    <ClCompile Include="cPlayer.cpp">
      <Filter>Object</Filter>
    </ClCompile>
    <ClCompile Include="cPlayerController.cpp">
      <Filter>Object\Controller</Filter>
    </ClCompile>
  </ItemGroup>
  <ItemGroup>
    <ResourceCompile Include="3DProject.rc">
      <Filter>Resource</Filter>
    </ResourceCompile>
  </ItemGroup>
  <ItemGroup>
    <Image Include="small.ico">
      <Filter>Resource</Filter>
    </Image>
    <Image Include="3DProject.ico">
      <Filter>Resource</Filter>
    </Image>
  </ItemGroup>
</Project>