<?xml version="1.0" encoding="utf-8"?>
<Project ToolsVersion="4.0" xmlns="http://schemas.microsoft.com/developer/msbuild/2003">
  <ItemGroup>
    <Filter Include="Manager">
      <UniqueIdentifier>{3011faf1-190f-48e2-a9ed-f940d8e04f96}</UniqueIdentifier>
    </Filter>
    <Filter Include="Object">
      <UniqueIdentifier>{88cc7571-b16d-44c9-a4ea-ce5fa4540ff5}</UniqueIdentifier>
    </Filter>
    <Filter Include="Action">
      <UniqueIdentifier>{e16acb60-d6f2-4e59-aac4-39606c793eee}</UniqueIdentifier>
    </Filter>
    <Filter Include="Main">
      <UniqueIdentifier>{c97fb497-ea75-4806-9ece-9221bc89ec22}</UniqueIdentifier>
    </Filter>
    <Filter Include="Resource">
      <UniqueIdentifier>{67DA6AB6-F800-4c08-8B7A-83BB121AAD01}</UniqueIdentifier>
      <Extensions>rc;ico;cur;bmp;dlg;rc2;rct;bin;rgs;gif;jpg;jpeg;jpe;resx;tiff;tif;png;wav;mfcribbon-ms</Extensions>
    </Filter>
    <Filter Include="PrecompiledHeader">
      <UniqueIdentifier>{72748f13-0690-40bc-929f-48e39be6ba1b}</UniqueIdentifier>
    </Filter>
    <Filter Include="Misc">
      <UniqueIdentifier>{d62bd5b6-27ab-4818-8361-154432e05002}</UniqueIdentifier>
    </Filter>
    <Filter Include="Misc\Utility">
      <UniqueIdentifier>{4FC737F1-C7A5-4376-A066-2A32D752A2FF}</UniqueIdentifier>
      <Extensions>
      </Extensions>
    </Filter>
    <Filter Include="Manager\Interface">
      <UniqueIdentifier>{a9241077-7e10-491f-a64a-cac3beffd00a}</UniqueIdentifier>
    </Filter>
    <Filter Include="Object\FSM">
      <UniqueIdentifier>{943c9244-7c90-4514-ae9c-ceef73fe38e7}</UniqueIdentifier>
    </Filter>
    <Filter Include="Object\Player">
      <UniqueIdentifier>{bbea4c93-5d81-4071-94af-6ea73b4c8911}</UniqueIdentifier>
    </Filter>
    <Filter Include="Object\Monster">
      <UniqueIdentifier>{b76b8d2c-06aa-4a88-9623-f41a65838032}</UniqueIdentifier>
    </Filter>
    <Filter Include="Object\Building">
      <UniqueIdentifier>{f9783b53-e1b1-467e-8c2e-291892be59ef}</UniqueIdentifier>
    </Filter>
    <Filter Include="Object\Camera">
      <UniqueIdentifier>{84e81b48-dd14-44bb-96e0-3038707c1b4d}</UniqueIdentifier>
    </Filter>
    <Filter Include="Object\Abstract">
      <UniqueIdentifier>{8136d43f-a3f6-4571-b1a9-58c073dd6594}</UniqueIdentifier>
    </Filter>
    <Filter Include="Object\Abstract\Collider">
      <UniqueIdentifier>{083c0eec-c5f6-4334-8fed-04abd05fb489}</UniqueIdentifier>
    </Filter>
    <Filter Include="Object\Abstract\Collider\Interface">
      <UniqueIdentifier>{51da7a26-107c-4fda-8455-33af7fc5f65a}</UniqueIdentifier>
    </Filter>
  </ItemGroup>
  <ItemGroup>
    <Text Include="ReadMe.txt" />
  </ItemGroup>
  <ItemGroup>
    <ClInclude Include="cKeyManager.h">
      <Filter>Manager</Filter>
    </ClInclude>
    <ClInclude Include="3DProject.h">
      <Filter>Main</Filter>
    </ClInclude>
    <ClInclude Include="cMainGame.h">
      <Filter>Main</Filter>
    </ClInclude>
    <ClInclude Include="cTimeManager.h">
      <Filter>Manager</Filter>
    </ClInclude>
    <ClInclude Include="cDeviceManager.h">
      <Filter>Manager</Filter>
    </ClInclude>
    <ClInclude Include="cTextureManager.h">
      <Filter>Manager</Filter>
    </ClInclude>
    <ClInclude Include="Resource.h">
      <Filter>Resource</Filter>
    </ClInclude>
    <ClInclude Include="stdafx.h">
      <Filter>PrecompiledHeader</Filter>
    </ClInclude>
    <ClInclude Include="cAllocateHierarchy.h">
      <Filter>Misc\Utility</Filter>
    </ClInclude>
    <ClInclude Include="unique_comptr.h">
      <Filter>Misc</Filter>
    </ClInclude>
    <ClInclude Include="Singleton.h">
      <Filter>Manager\Interface</Filter>
    </ClInclude>
    <ClInclude Include="cBoundingBox.h">
      <Filter>Object\Abstract\Collider</Filter>
    </ClInclude>
    <ClInclude Include="cBoundingSphere.h">
      <Filter>Object\Abstract\Collider</Filter>
    </ClInclude>
    <ClInclude Include="cSkinnedMesh.h">
      <Filter>Misc\Utility</Filter>
    </ClInclude>
    <ClInclude Include="Particle.h">
      <Filter>Misc\Utility</Filter>
    </ClInclude>
    <ClInclude Include="cParticle_Base.h">
      <Filter>Misc\Utility</Filter>
    </ClInclude>
    <ClInclude Include="cParticle_Firework.h">
      <Filter>Misc\Utility</Filter>
    </ClInclude>
    <ClInclude Include="cRandomUtil.h">
      <Filter>Misc\Utility</Filter>
    </ClInclude>
    <ClInclude Include="cSkinnedMeshManager.h">
      <Filter>Manager</Filter>
    </ClInclude>
    <ClInclude Include="cCollision.h">
      <Filter>Misc\Utility</Filter>
    </ClInclude>
    <ClInclude Include="ICollider.h">
      <Filter>Object\Abstract\Collider\Interface</Filter>
    </ClInclude>
    <ClInclude Include="cObjectManager.h">
      <Filter>Manager</Filter>
    </ClInclude>
    <ClInclude Include="shared_comptr.h">
      <Filter>Misc\Utility</Filter>
    </ClInclude>
    <ClInclude Include="cSkyBox.h">
      <Filter>Object\Building</Filter>
    </ClInclude>
    <ClInclude Include="cPlayer.h">
      <Filter>Object\Player</Filter>
    </ClInclude>
    <ClInclude Include="cGrid.h">
      <Filter>Object\Building</Filter>
    </ClInclude>
    <ClInclude Include="cCamera.h">
      <Filter>Object\Camera</Filter>
    </ClInclude>
    <ClInclude Include="GameObject.h">
      <Filter>Object\Abstract</Filter>
    </ClInclude>
    <ClInclude Include="cFrustumCulling.h">
      <Filter>Misc\Utility</Filter>
    </ClInclude>
    <ClInclude Include="cBody.h" />
    <ClInclude Include="cFSM.h">
      <Filter>Object\FSM</Filter>
    </ClInclude>
    <ClInclude Include="cPlayerState.h">
      <Filter>Object\FSM</Filter>
    </ClInclude>
  </ItemGroup>
  <ItemGroup>
    <ClCompile Include="cTextureManager.cpp">
      <Filter>Manager</Filter>
    </ClCompile>
    <ClCompile Include="cTimeManager.cpp">
      <Filter>Manager</Filter>
    </ClCompile>
    <ClCompile Include="cDeviceManager.cpp">
      <Filter>Manager</Filter>
    </ClCompile>
    <ClCompile Include="cAllocateHierarchy.cpp">
      <Filter>Misc\Utility</Filter>
    </ClCompile>
    <ClCompile Include="stdafx.cpp">
      <Filter>PrecompiledHeader</Filter>
    </ClCompile>
    <ClCompile Include="cKeyManager.cpp">
      <Filter>Manager</Filter>
    </ClCompile>
    <ClCompile Include="3DProject.cpp">
      <Filter>Main</Filter>
    </ClCompile>
    <ClCompile Include="cMainGame.cpp">
      <Filter>Main</Filter>
    </ClCompile>
    <ClCompile Include="cBoundingBox.cpp">
      <Filter>Object\Abstract\Collider</Filter>
    </ClCompile>
    <ClCompile Include="cBoundingSphere.cpp">
      <Filter>Object\Abstract\Collider</Filter>
    </ClCompile>
    <ClCompile Include="cSkinnedMesh.cpp">
      <Filter>Misc\Utility</Filter>
    </ClCompile>
    <ClCompile Include="cParticle_Base.cpp">
      <Filter>Misc\Utility</Filter>
    </ClCompile>
    <ClCompile Include="cParticle_Firework.cpp">
      <Filter>Misc\Utility</Filter>
    </ClCompile>
    <ClCompile Include="cRandomUtil.cpp">
      <Filter>Misc\Utility</Filter>
    </ClCompile>
    <ClCompile Include="cSkinnedMeshManager.cpp">
      <Filter>Manager</Filter>
    </ClCompile>
    <ClCompile Include="cCollision.cpp">
      <Filter>Misc\Utility</Filter>
    </ClCompile>
    <ClCompile Include="ICollider.cpp">
      <Filter>Object\Abstract\Collider\Interface</Filter>
    </ClCompile>
    <ClCompile Include="cObjectManager.cpp">
      <Filter>Manager</Filter>
    </ClCompile>
    <ClCompile Include="cFrustumCulling.cpp">
      <Filter>Misc\Utility</Filter>
    </ClCompile>
    <ClCompile Include="cSkyBox.cpp">
      <Filter>Object\Building</Filter>
    </ClCompile>
    <ClCompile Include="cPlayer.cpp">
      <Filter>Object\Player</Filter>
    </ClCompile>
    <ClCompile Include="cGrid.cpp">
      <Filter>Object\Building</Filter>
    </ClCompile>
    <ClCompile Include="cCamera.cpp">
      <Filter>Object\Camera</Filter>
    </ClCompile>
    <ClCompile Include="GameObject.cpp">
      <Filter>Object\Abstract</Filter>
    </ClCompile>
    <ClCompile Include="cFSM.cpp">
      <Filter>Object\FSM</Filter>
    </ClCompile>
    <ClCompile Include="cPlayerState.cpp">
      <Filter>Object\FSM</Filter>
    </ClCompile>
  </ItemGroup>
  <ItemGroup>
    <ResourceCompile Include="3DProject.rc">
      <Filter>Resource</Filter>
    </ResourceCompile>
  </ItemGroup>
  <ItemGroup>
    <Image Include="small.ico">
      <Filter>Resource</Filter>
    </Image>
    <Image Include="3DProject.ico">
      <Filter>Resource</Filter>
    </Image>
    <Image Include="fireworks_flare.bmp">
      <Filter>Object\FSM</Filter>
    </Image>
  </ItemGroup>
</Project>