<?xml version="1.0" encoding="utf-8"?>
<Project ToolsVersion="4.0" xmlns="http://schemas.microsoft.com/developer/msbuild/2003">
  <ItemGroup>
    <Filter Include="cpp">
      <UniqueIdentifier>{4FC737F1-C7A5-4376-A066-2A32D752A2FF}</UniqueIdentifier>
      <Extensions>cpp;c;cc;cxx;def;odl;idl;hpj;bat;asm;asmx</Extensions>
    </Filter>
    <Filter Include="hpp">
      <UniqueIdentifier>{93995380-89BD-4b04-88EB-625FBE52EBFB}</UniqueIdentifier>
      <Extensions>h;hh;hpp;hxx;hm;inl;inc;xsd</Extensions>
    </Filter>
    <Filter Include="Resource">
      <UniqueIdentifier>{67DA6AB6-F800-4c08-8B7A-83BB121AAD01}</UniqueIdentifier>
      <Extensions>rc;ico;cur;bmp;dlg;rc2;rct;bin;rgs;gif;jpg;jpeg;jpe;resx;tiff;tif;png;wav;mfcribbon-ms</Extensions>
    </Filter>
    <Filter Include="cpp\Manager">
      <UniqueIdentifier>{4aa30117-0a2a-4afc-8d3f-d1e6a89fe5de}</UniqueIdentifier>
    </Filter>
    <Filter Include="hpp\Window">
      <UniqueIdentifier>{80e0b3be-3a8c-4471-839a-73155d34b348}</UniqueIdentifier>
    </Filter>
    <Filter Include="cpp\Window">
      <UniqueIdentifier>{71f74f83-b68c-47f4-9b5b-2671438226d8}</UniqueIdentifier>
    </Filter>
    <Filter Include="hpp\Manager">
      <UniqueIdentifier>{fc4905c6-a70a-45ea-927c-796da22aa4b1}</UniqueIdentifier>
    </Filter>
    <Filter Include="cpp\Main">
      <UniqueIdentifier>{78c45ab6-2f95-4ae0-a7cb-cd93e1c11958}</UniqueIdentifier>
    </Filter>
    <Filter Include="cpp\PrecompiledHeader">
      <UniqueIdentifier>{5419ca37-97d2-4cf3-bff7-3e2b338dbd5b}</UniqueIdentifier>
    </Filter>
    <Filter Include="hpp\PrecompiledHeader">
      <UniqueIdentifier>{4bb1db2b-d89f-44c9-bd27-9e112419fda3}</UniqueIdentifier>
    </Filter>
    <Filter Include="hpp\Main">
      <UniqueIdentifier>{d8d8c0a3-af68-40cd-8c3c-fb257a6fad89}</UniqueIdentifier>
    </Filter>
    <Filter Include="hpp\Misc">
      <UniqueIdentifier>{957c8665-6f86-4317-abff-edacd9b60158}</UniqueIdentifier>
    </Filter>
    <Filter Include="hpp\Misc\Utility">
      <UniqueIdentifier>{c51ea835-45b1-44c7-80d5-62aeb05ec5ce}</UniqueIdentifier>
    </Filter>
    <Filter Include="Loader">
      <UniqueIdentifier>{55c651de-cf2a-4427-81ea-e303225747eb}</UniqueIdentifier>
    </Filter>
    <Filter Include="cpp\Loader">
      <UniqueIdentifier>{562af6f0-88f3-42b2-bd23-a93b6986e2c0}</UniqueIdentifier>
    </Filter>
    <Filter Include="cpp\Loader\Obj">
      <UniqueIdentifier>{71255efa-0dc2-463b-8230-9fb767e821f6}</UniqueIdentifier>
    </Filter>
    <Filter Include="Loader\Obj">
      <UniqueIdentifier>{38c03fd2-d70e-4229-975e-96c9da7dee97}</UniqueIdentifier>
    </Filter>
    <Filter Include="hpp\Misc\MtlTex">
      <UniqueIdentifier>{3fc7ec8b-ea1d-448b-9e8e-675c7e4d1ad7}</UniqueIdentifier>
    </Filter>
    <Filter Include="cpp\Misc">
      <UniqueIdentifier>{ec223402-0696-4c54-99a9-2620cb2907ed}</UniqueIdentifier>
    </Filter>
    <Filter Include="cpp\Camera">
      <UniqueIdentifier>{14633d10-4082-4c35-9928-9996a4429b84}</UniqueIdentifier>
    </Filter>
    <Filter Include="hpp\Camera">
      <UniqueIdentifier>{71cbe7e0-db02-474f-9687-1c518969d122}</UniqueIdentifier>
    </Filter>
    <Filter Include="hpp\Object">
      <UniqueIdentifier>{b151ebb2-a79d-455b-b343-5efd2bbf2831}</UniqueIdentifier>
    </Filter>
    <Filter Include="cpp\Object">
      <UniqueIdentifier>{60f4d207-4df5-403f-9cd5-03dc364d3d4b}</UniqueIdentifier>
    </Filter>
    <Filter Include="hpp\Utility">
      <UniqueIdentifier>{bd144f53-2313-4a0a-bb70-acefa05dca48}</UniqueIdentifier>
    </Filter>
    <Filter Include="cpp\Terrain">
      <UniqueIdentifier>{9c9e2ba1-9910-4aed-9289-0af9ae407892}</UniqueIdentifier>
    </Filter>
    <Filter Include="hpp\Terrain">
      <UniqueIdentifier>{fd303ae4-a8ba-4520-ab52-1e2f02db2261}</UniqueIdentifier>
    </Filter>
    <Filter Include="cpp\IO">
      <UniqueIdentifier>{96c8bd0e-ce8a-42d1-847b-188d9c61a520}</UniqueIdentifier>
    </Filter>
    <Filter Include="hpp\IO">
      <UniqueIdentifier>{a844b7fd-a89a-4d4a-ae54-6f153c89a2f6}</UniqueIdentifier>
    </Filter>
    <Filter Include="hpp\Console">
      <UniqueIdentifier>{bec04f1c-1287-44f3-98bf-afcd821832c2}</UniqueIdentifier>
    </Filter>
    <Filter Include="hpp\Object\Collider">
      <UniqueIdentifier>{9ee9ab0a-1233-442e-85d2-9407e3c1f49c}</UniqueIdentifier>
    </Filter>
    <Filter Include="cpp\Misc\Utility">
      <UniqueIdentifier>{b8f3d421-faa4-4064-9393-98cd9cb76032}</UniqueIdentifier>
    </Filter>
  </ItemGroup>
  <ItemGroup>
    <Text Include="ReadMe.txt" />
  </ItemGroup>
  <ItemGroup>
    <ClInclude Include="MainSurfaceWindow.h">
      <Filter>hpp\Window</Filter>
    </ClInclude>
    <ClInclude Include="cDeviceManager.h">
      <Filter>hpp\Manager</Filter>
    </ClInclude>
    <ClInclude Include="shared_comptr.h">
      <Filter>hpp\Misc\Utility</Filter>
    </ClInclude>
    <ClInclude Include="Singleton.h">
      <Filter>hpp\Misc\Utility</Filter>
    </ClInclude>
    <ClInclude Include="stdafx.h">
      <Filter>hpp\PrecompiledHeader</Filter>
    </ClInclude>
    <ClInclude Include="targetver.h">
      <Filter>hpp\PrecompiledHeader</Filter>
    </ClInclude>
    <ClInclude Include="Resource.h">
      <Filter>Resource</Filter>
    </ClInclude>
    <ClInclude Include="AbstractWindow.h">
      <Filter>hpp\Window</Filter>
    </ClInclude>
    <ClInclude Include="InspectorWindow.h">
      <Filter>hpp\Window</Filter>
    </ClInclude>
    <ClInclude Include="HierarchyWindow.h">
      <Filter>hpp\Window</Filter>
    </ClInclude>
    <ClInclude Include="cObjLoader.h">
      <Filter>Loader\Obj</Filter>
    </ClInclude>
    <ClInclude Include="cGroup.h">
      <Filter>Loader\Obj</Filter>
    </ClInclude>
    <ClInclude Include="cMtlTex.h">
      <Filter>hpp\Misc\MtlTex</Filter>
    </ClInclude>
    <ClInclude Include="cCamera.h">
      <Filter>hpp\Camera</Filter>
    </ClInclude>
    <ClInclude Include="cObject.h">
      <Filter>hpp\Object</Filter>
    </ClInclude>
    <ClInclude Include="cObjectManager.h">
      <Filter>hpp\Manager</Filter>
    </ClInclude>
    <ClInclude Include="cGameObjectManager.h">
      <Filter>hpp\Manager</Filter>
    </ClInclude>
    <ClInclude Include="cGameObject.h">
      <Filter>hpp\Object</Filter>
    </ClInclude>
    <ClInclude Include="cTextureManager.h">
      <Filter>hpp\Manager</Filter>
    </ClInclude>
    <ClInclude Include="ObjObject.h">
      <Filter>hpp\Object</Filter>
    </ClInclude>
    <ClInclude Include="LightObject.h">
      <Filter>hpp\Object</Filter>
    </ClInclude>
    <ClInclude Include="StringUtil.h">
      <Filter>hpp\Utility</Filter>
    </ClInclude>
    <ClInclude Include="DirectInput.h">
      <Filter>hpp\Manager</Filter>
    </ClInclude>
    <ClInclude Include="3DMapTool.h">
      <Filter>hpp\Main</Filter>
    </ClInclude>
    <ClInclude Include="TerrainObject.h">
      <Filter>hpp\Terrain</Filter>
    </ClInclude>
    <ClInclude Include="IO.h">
      <Filter>hpp\IO</Filter>
    </ClInclude>
    <ClInclude Include="IPickable.h">
      <Filter>hpp\Object</Filter>
    </ClInclude>
    <ClInclude Include="Console.h">
      <Filter>hpp</Filter>
    </ClInclude>
    <ClInclude Include="IRenderable.h">
      <Filter>hpp\Object</Filter>
    </ClInclude>
    <ClInclude Include="ICollider.h">
      <Filter>hpp\Object\Collider</Filter>
    </ClInclude>
    <ClInclude Include="cBoundingBox.h">
      <Filter>hpp\Object\Collider</Filter>
    </ClInclude>
    <ClInclude Include="PickUtil.h">
      <Filter>hpp\Misc\Utility</Filter>
    </ClInclude>
  </ItemGroup>
  <ItemGroup>
    <ClCompile Include="cDeviceManager.cpp">
      <Filter>cpp\Manager</Filter>
    </ClCompile>
    <ClCompile Include="MainSurfaceWindow.cpp">
      <Filter>cpp\Window</Filter>
    </ClCompile>
    <ClCompile Include="stdafx.cpp">
      <Filter>cpp\PrecompiledHeader</Filter>
    </ClCompile>
    <ClCompile Include="3DMapTool.cpp">
      <Filter>cpp\Main</Filter>
    </ClCompile>
    <ClCompile Include="AbstractWindow.cpp">
      <Filter>cpp\Window</Filter>
    </ClCompile>
    <ClCompile Include="InspectorWindow.cpp">
      <Filter>cpp\Window</Filter>
    </ClCompile>
    <ClCompile Include="cGroup.cpp">
      <Filter>cpp\Loader\Obj</Filter>
    </ClCompile>
    <ClCompile Include="cObjLoader.cpp">
      <Filter>cpp\Loader\Obj</Filter>
    </ClCompile>
    <ClCompile Include="cTextureManager.cpp">
      <Filter>cpp\Manager</Filter>
    </ClCompile>
    <ClCompile Include="cMtlTex.cpp">
      <Filter>cpp\Misc</Filter>
    </ClCompile>
    <ClCompile Include="cCamera.cpp">
      <Filter>cpp\Camera</Filter>
    </ClCompile>
    <ClCompile Include="HierarchyWindow.cpp">
      <Filter>cpp\Window</Filter>
    </ClCompile>
    <ClCompile Include="cObject.cpp">
      <Filter>cpp\Object</Filter>
    </ClCompile>
    <ClCompile Include="cObjectManager.cpp">
      <Filter>cpp\Manager</Filter>
    </ClCompile>
    <ClCompile Include="cGameObject.cpp">
      <Filter>cpp\Object</Filter>
    </ClCompile>
    <ClCompile Include="cGameObjectManager.cpp">
      <Filter>cpp\Manager</Filter>
    </ClCompile>
    <ClCompile Include="ObjObject.cpp">
      <Filter>cpp\Object</Filter>
    </ClCompile>
    <ClCompile Include="LightObject.cpp">
      <Filter>cpp\Object</Filter>
    </ClCompile>
    <ClCompile Include="StringUtil.cpp">
      <Filter>cpp\Misc\Utility</Filter>
    </ClCompile>
    <ClCompile Include="DirectInput.cpp">
      <Filter>cpp\Manager</Filter>
    </ClCompile>
    <ClCompile Include="TerrainObject.cpp">
      <Filter>cpp\Terrain</Filter>
    </ClCompile>
    <ClCompile Include="IO.cpp">
      <Filter>cpp\IO</Filter>
    </ClCompile>
    <ClCompile Include="IRenderable.cpp">
      <Filter>cpp\Object</Filter>
    </ClCompile>
    <ClCompile Include="ICollider.cpp">
      <Filter>hpp\Object\Collider</Filter>
    </ClCompile>
    <ClCompile Include="cBoundingBox.cpp">
      <Filter>hpp\Object\Collider</Filter>
    </ClCompile>
    <ClCompile Include="IPickable.cpp">
      <Filter>cpp\Object</Filter>
    </ClCompile>
    <ClCompile Include="PickUtil.cpp">
      <Filter>cpp\Misc\Utility</Filter>
    </ClCompile>
  </ItemGroup>
  <ItemGroup>
    <ResourceCompile Include="3DMapTool.rc">
      <Filter>Resource</Filter>
    </ResourceCompile>
  </ItemGroup>
  <ItemGroup>
    <Image Include="small.ico">
      <Filter>Resource</Filter>
    </Image>
    <Image Include="3DMapTool.ico">
      <Filter>Resource</Filter>
    </Image>
  </ItemGroup>
</Project>